{
  "name": "node_simdjson",
  "version": "1.0.0",
  "lockfileVersion": 1,
  "requires": true,
  "dependencies": {
    "node-addon-api": {
      "version": "1.7.1",
      "resolved": "https://registry.npm.taobao.org/node-addon-api/download/node-addon-api-1.7.1.tgz",
      "integrity": "sha1-z4E81pu42RAPa9ymdV/CaPVKxJI="
    },
    "simdjson": {
      "version": "0.2.1",
      "resolved": "https://registry.npm.taobao.org/simdjson/download/simdjson-0.2.1.tgz",
      "integrity": "sha1-9Hd7PaiOzAlNxwsKOXnB+KHNlg0=",
      "requires": {
        "node-addon-api": "^1.6.2"
      }
    }
  }
}
